
Microsoft Visual Studio Solution File, Format Version 12.00
# Visual Studio Version 17
VisualStudioVersion = 17.14.36327.8 d17.14
MinimumVisualStudioVersion = 10.0.40219.1
Project("{FAE04EC0-301F-11D3-BF4B-00C04F79EFBC}") = "Student Information System", "Student Information System.csproj", "{5FFACD73-340F-4AE7-98E8-F273780462DA}"
EndProject
Global
	GlobalSection(SolutionConfigurationPlatforms) = preSolution
		Debug|Any CPU = Debug|Any CPU
		Release|Any CPU = Release|Any CPU
	EndGlobalSection
	GlobalSection(ProjectConfigurationPlatforms) = postSolution
		{5FFACD73-340F-4AE7-98E8-F273780462DA}.Debug|Any CPU.ActiveCfg = Debug|Any CPU
		{5FFACD73-340F-4AE7-98E8-F273780462DA}.Debug|Any CPU.Build.0 = Debug|Any CPU
		{5FFACD73-340F-4AE7-98E8-F273780462DA}.Release|Any CPU.ActiveCfg = Release|Any CPU
		{5FFACD73-340F-4AE7-98E8-F273780462DA}.Release|Any CPU.Build.0 = Release|Any CPU
	EndGlobalSection
	GlobalSection(SolutionProperties) = preSolution
		HideSolutionNode = FALSE
	EndGlobalSection
	GlobalSection(ExtensibilityGlobals) = postSolution
		SolutionGuid = {1F6B7A5B-C6F6-4E20-A129-DF66AC1047EA}
	EndGlobalSection
EndGlobal
